{
  "name": "tree-sitter-rescript",
  "version": "1.2.0",
  "lockfileVersion": 3,
  "requires": true,
  "packages": {
    "": {
      "name": "tree-sitter-rescript",
      "version": "1.2.0",
      "hasInstallScript": true,
      "license": "MIT",
      "dependencies": {
        "nan": "^2.15.0",
        "node-addon-api": "^8.2.2",
        "node-gyp-build": "^4.8.2"
      },
      "devDependencies": {
        "rescript": "^12.1.0",
        "tree-sitter-cli": "^0.26.3"
      },
      "peerDependencies": {
        "tree-sitter": "^0.21.1"
      },
      "peerDependenciesMeta": {
        "tree-sitter": {
          "optional": true
        }
      }
    },
    "node_modules/@rescript/darwin-arm64": {
      "version": "12.1.0",
      "resolved": "https://registry.npmjs.org/@rescript/darwin-arm64/-/darwin-arm64-12.1.0.tgz",
      "integrity": "sha512-OuJMT+2h2Lp60n8ONFx1oBAAePSVkM9zl7E/EX4VD2xkQoVTPklz0BpHYOICnFJSCOOdbOhbsTBXdLpo3yvllg==",
      "cpu": [
        "arm64"
      ],
      "dev": true,
      "optional": true,
      "os": [
        "darwin"
      ],
      "engines": {
        "node": ">=20.11.0"
      }
    },
    "node_modules/@rescript/darwin-x64": {
      "version": "12.1.0",
      "resolved": "https://registry.npmjs.org/@rescript/darwin-x64/-/darwin-x64-12.1.0.tgz",
      "integrity": "sha512-r5Iv4ga+LaNq+6g9LODwZG4bwydd9UDXACP/HKxOfrP9XQCITlF/XqB1ZDJWyJOgJLZSJCd7erlG38YtB0VZKA==",
      "cpu": [
        "x64"
      ],
      "dev": true,
      "optional": true,
      "os": [
        "darwin"
      ],
      "engines": {
        "node": ">=20.11.0"
      }
    },
    "node_modules/@rescript/linux-arm64": {
      "version": "12.1.0",
      "resolved": "https://registry.npmjs.org/@rescript/linux-arm64/-/linux-arm64-12.1.0.tgz",
      "integrity": "sha512-UTZv4GTjbyQ/T5LQDfQiGcumK3SzE1K7+ug6gWpDcGZ7ALc7hCS6BVEFL/LDs8iWVwAwkK/6r456s2zRnvS7wQ==",
      "cpu": [
        "arm64"
      ],
      "dev": true,
      "optional": true,
      "os": [
        "linux"
      ],
      "engines": {
        "node": ">=20.11.0"
      }
    },
    "node_modules/@rescript/linux-x64": {
      "version": "12.1.0",
      "resolved": "https://registry.npmjs.org/@rescript/linux-x64/-/linux-x64-12.1.0.tgz",
      "integrity": "sha512-c0PXuBL09JRSA4nQusYbR4mW5QJrBPqxDrqvIX+M79fk3d6jQmj5x4NsBwk5BavxvmbR/JU1JjYBlSAa3h22Vg==",
      "cpu": [
        "x64"
      ],
      "dev": true,
      "optional": true,
      "os": [
        "linux"
      ],
      "engines": {
        "node": ">=20.11.0"
      }
    },
    "node_modules/@rescript/runtime": {
      "version": "12.1.0",
      "resolved": "https://registry.npmjs.org/@rescript/runtime/-/runtime-12.1.0.tgz",
      "integrity": "sha512-bvr9RfvBD+JS/6foWCA4l2fLXmUXN0KGqylXQPHt09QxUghqgoCiaWVHaHSx5dOIk/jAPlGQ7zB5yVeMas/EFQ==",
      "dev": true
    },
    "node_modules/@rescript/win32-x64": {
      "version": "12.1.0",
      "resolved": "https://registry.npmjs.org/@rescript/win32-x64/-/win32-x64-12.1.0.tgz",
      "integrity": "sha512-nQC42QByyAbryfkbyK67iskipUqXVwTPCFrqissY4jJoP0128gg0yG6DydJnV1stXphtFdMFHtmyYE1ffG7UBg==",
      "cpu": [
        "x64"
      ],
      "dev": true,
      "optional": true,
      "os": [
        "win32"
      ],
      "engines": {
        "node": ">=20.11.0"
      }
    },
    "node_modules/nan": {
      "version": "2.22.2",
      "resolved": "https://registry.npmjs.org/nan/-/nan-2.22.2.tgz",
      "integrity": "sha512-DANghxFkS1plDdRsX0X9pm0Z6SJNN6gBdtXfanwoZ8hooC5gosGFSBGRYHUVPz1asKA/kMRqDRdHrluZ61SpBQ==",
      "license": "MIT"
    },
    "node_modules/node-addon-api": {
      "version": "8.3.1",
      "resolved": "https://registry.npmjs.org/node-addon-api/-/node-addon-api-8.3.1.tgz",
      "integrity": "sha512-lytcDEdxKjGJPTLEfW4mYMigRezMlyJY8W4wxJK8zE533Jlb8L8dRuObJFWg2P+AuOIxoCgKF+2Oq4d4Zd0OUA==",
      "license": "MIT",
      "engines": {
        "node": "^18 || ^20 || >= 21"
      }
    },
    "node_modules/node-gyp-build": {
      "version": "4.8.4",
      "resolved": "https://registry.npmjs.org/node-gyp-build/-/node-gyp-build-4.8.4.tgz",
      "integrity": "sha512-LA4ZjwlnUblHVgq0oBF3Jl/6h/Nvs5fzBLwdEF4nuxnFdsfajde4WfxtJr3CaiH+F6ewcIB/q4jQ4UzPyid+CQ==",
      "license": "MIT",
      "bin": {
        "node-gyp-build": "bin.js",
        "node-gyp-build-optional": "optional.js",
        "node-gyp-build-test": "build-test.js"
      }
    },
    "node_modules/rescript": {
      "version": "12.1.0",
      "resolved": "https://registry.npmjs.org/rescript/-/rescript-12.1.0.tgz",
      "integrity": "sha512-n/B43wzIEKV4OmlrWbrlQOL4zZaz0RM/Cc8PG2YvhQvQDW7nscHJliDq1AGeVwHoMX68MeaKKzLDOMOMU9Z6FA==",
      "dev": true,
      "license": "SEE LICENSE IN LICENSE",
      "workspaces": [
        "packages/playground",
        "packages/@rescript/*",
        "tests/dependencies/**",
        "tests/analysis_tests/**",
        "tests/docstring_tests",
        "tests/gentype_tests/**",
        "tests/tools_tests",
        "scripts/res"
      ],
      "dependencies": {
        "@rescript/runtime": "12.1.0"
      },
      "bin": {
        "bsc": "cli/bsc.js",
        "bstracing": "cli/bstracing.js",
        "rescript": "cli/rescript.js",
        "rescript-legacy": "cli/rescript-legacy.js",
        "rescript-tools": "cli/rescript-tools.js"
      },
      "engines": {
        "node": ">=20.11.0"
      },
      "optionalDependencies": {
        "@rescript/darwin-arm64": "12.1.0",
        "@rescript/darwin-x64": "12.1.0",
        "@rescript/linux-arm64": "12.1.0",
        "@rescript/linux-x64": "12.1.0",
        "@rescript/win32-x64": "12.1.0"
      }
    },
    "node_modules/tree-sitter-cli": {
      "version": "0.26.3",
      "resolved": "https://registry.npmjs.org/tree-sitter-cli/-/tree-sitter-cli-0.26.3.tgz",
      "integrity": "sha512-1VHpmjnTsYJk03HDqzLGn9dmJaLsJ7YeGsnnSudC6XOZu5oasz0GEVOIVCTe6hA01YZJgHd1XGO6XJZe0Sj7tw==",
      "dev": true,
      "hasInstallScript": true,
      "license": "MIT",
      "bin": {
        "tree-sitter": "cli.js"
      },
      "engines": {
        "node": ">=12.0.0"
      }
    }
  }
}
