# THIS IS AN AUTOGENERATED FILE. DO NOT EDIT THIS FILE DIRECTLY.
# yarn lockfile v1


nan@^2.15.0:
  version "2.15.0"
  resolved "https://registry.yarnpkg.com/nan/-/nan-2.15.0.tgz#3f34a473ff18e15c1b5626b62903b5ad6e665fee"
  integrity sha512-8ZtvEnA2c5aYCZYd1cvgdnU6cqwixRoYg70xPLWUws5ORTa/lnw+u4amixRS/Ac5U5mQVgp9pnlSUnbNWFaWZQ==

node-addon-api@^8.0.0:
  version "8.0.0"
  resolved "https://registry.yarnpkg.com/node-addon-api/-/node-addon-api-8.0.0.tgz#5453b7ad59dd040d12e0f1a97a6fa1c765c5c9d2"
  integrity sha512-ipO7rsHEBqa9STO5C5T10fj732ml+5kLN1cAG8/jdHd56ldQeGj3Q7+scUS+VHK/qy1zLEwC4wMK5+yM0btPvw==

tree-sitter-cli@^0.22.2:
  version "0.22.2"
  resolved "https://registry.yarnpkg.com/tree-sitter-cli/-/tree-sitter-cli-0.22.2.tgz#a69b8f68e78994f6ab730e7b345407b880658c13"
  integrity sha512-ecqccEp27XMFXgjLMEEU71vK9JCWAC7fqSTTxcs5P1tnEnaaf4GkHz/wfo4lJ9l3rfxcTDPxN84tHAoitIQqdA==
